
Microsoft Visual Studio Solution File, Format Version 12.00
# Visual Studio Version 16
VisualStudioVersion = 16.0.31205.134
MinimumVisualStudioVersion = 10.0.40219.1
Project("{9A19103F-16F7-4668-BE54-9A1E7A4F7556}") = "WindowWrap", "WindowWrap\WindowWrap.csproj", "{CAAF4EE5-146F-44F5-AACD-98D913FB86A0}"
EndProject
Project("{2150E333-8FDC-42A3-9474-1A3956D46DE8}") = "DockManager", "DockManager", "{403BA3EE-EE3A-4E8E-9700-906FB50D5322}"
EndProject
Project("{FAE04EC0-301F-11D3-BF4B-00C04F79EFBC}") = "OpenControls.Wpf.DockManager", "OpenControls.Wpf.DockManager\OpenControls.Wpf.DockManager.csproj", "{C4D43E50-84B0-47FF-888E-7C8351368BD6}"
EndProject
Project("{FAE04EC0-301F-11D3-BF4B-00C04F79EFBC}") = "OpenControls.Wpf.DockManager.Themes.Modern", "OpenControls.Wpf.DockManager.Themes.Modern\OpenControls.Wpf.DockManager.Themes.Modern.csproj", "{E2FCBC58-6CA9-4EA6-852E-EBB43E596F19}"
EndProject
Project("{FAE04EC0-301F-11D3-BF4B-00C04F79EFBC}") = "OpenControls.Wpf.DockManager.Themes.VS2019", "OpenControls.Wpf.DockManager.Themes.VS2019\OpenControls.Wpf.DockManager.Themes.VS2019.csproj", "{968C6AFE-1E13-4F9D-B8FC-28B2A2168C9D}"
EndProject
Project("{FAE04EC0-301F-11D3-BF4B-00C04F79EFBC}") = "OpenControls.Wpf.DockManagerDemo", "OpenControls.Wpf.DockManagerDemo\OpenControls.Wpf.DockManagerDemo.csproj", "{9843B6E4-5B93-46FA-96B8-05E423118E9F}"
EndProject
Project("{FAE04EC0-301F-11D3-BF4B-00C04F79EFBC}") = "OpenControls.Wpf.DockManagerDemoViews", "OpenControls.Wpf.DockManagerDemoViews\OpenControls.Wpf.DockManagerDemoViews.csproj", "{F83C1BA1-ABCC-40BE-A01F-B3055CEEC229}"
EndProject
Project("{FAE04EC0-301F-11D3-BF4B-00C04F79EFBC}") = "OpenControls.Wpf.TabHeaderControl", "OpenControls.Wpf.TabHeaderControl\OpenControls.Wpf.TabHeaderControl.csproj", "{8E8A4B99-7396-4CE2-81B1-53B2DA0827FB}"
EndProject
Project("{FAE04EC0-301F-11D3-BF4B-00C04F79EFBC}") = "OpenControls.Wpf.Utilities", "OpenControls.Wpf.Utilities\OpenControls.Wpf.Utilities.csproj", "{117F1160-81BF-42CD-B48C-E73BEC059B30}"
EndProject
Global
	GlobalSection(SolutionConfigurationPlatforms) = preSolution
		Debug|Any CPU = Debug|Any CPU
		Release|Any CPU = Release|Any CPU
	EndGlobalSection
	GlobalSection(ProjectConfigurationPlatforms) = postSolution
		{CAAF4EE5-146F-44F5-AACD-98D913FB86A0}.Debug|Any CPU.ActiveCfg = Debug|Any CPU
		{CAAF4EE5-146F-44F5-AACD-98D913FB86A0}.Debug|Any CPU.Build.0 = Debug|Any CPU
		{CAAF4EE5-146F-44F5-AACD-98D913FB86A0}.Release|Any CPU.ActiveCfg = Release|Any CPU
		{CAAF4EE5-146F-44F5-AACD-98D913FB86A0}.Release|Any CPU.Build.0 = Release|Any CPU
		{C4D43E50-84B0-47FF-888E-7C8351368BD6}.Debug|Any CPU.ActiveCfg = Debug|Any CPU
		{C4D43E50-84B0-47FF-888E-7C8351368BD6}.Debug|Any CPU.Build.0 = Debug|Any CPU
		{C4D43E50-84B0-47FF-888E-7C8351368BD6}.Release|Any CPU.ActiveCfg = Release|Any CPU
		{C4D43E50-84B0-47FF-888E-7C8351368BD6}.Release|Any CPU.Build.0 = Release|Any CPU
		{E2FCBC58-6CA9-4EA6-852E-EBB43E596F19}.Debug|Any CPU.ActiveCfg = Debug|Any CPU
		{E2FCBC58-6CA9-4EA6-852E-EBB43E596F19}.Debug|Any CPU.Build.0 = Debug|Any CPU
		{E2FCBC58-6CA9-4EA6-852E-EBB43E596F19}.Release|Any CPU.ActiveCfg = Release|Any CPU
		{E2FCBC58-6CA9-4EA6-852E-EBB43E596F19}.Release|Any CPU.Build.0 = Release|Any CPU
		{968C6AFE-1E13-4F9D-B8FC-28B2A2168C9D}.Debug|Any CPU.ActiveCfg = Debug|Any CPU
		{968C6AFE-1E13-4F9D-B8FC-28B2A2168C9D}.Debug|Any CPU.Build.0 = Debug|Any CPU
		{968C6AFE-1E13-4F9D-B8FC-28B2A2168C9D}.Release|Any CPU.ActiveCfg = Release|Any CPU
		{968C6AFE-1E13-4F9D-B8FC-28B2A2168C9D}.Release|Any CPU.Build.0 = Release|Any CPU
		{9843B6E4-5B93-46FA-96B8-05E423118E9F}.Debug|Any CPU.ActiveCfg = Debug|Any CPU
		{9843B6E4-5B93-46FA-96B8-05E423118E9F}.Debug|Any CPU.Build.0 = Debug|Any CPU
		{9843B6E4-5B93-46FA-96B8-05E423118E9F}.Release|Any CPU.ActiveCfg = Release|Any CPU
		{9843B6E4-5B93-46FA-96B8-05E423118E9F}.Release|Any CPU.Build.0 = Release|Any CPU
		{F83C1BA1-ABCC-40BE-A01F-B3055CEEC229}.Debug|Any CPU.ActiveCfg = Debug|Any CPU
		{F83C1BA1-ABCC-40BE-A01F-B3055CEEC229}.Debug|Any CPU.Build.0 = Debug|Any CPU
		{F83C1BA1-ABCC-40BE-A01F-B3055CEEC229}.Release|Any CPU.ActiveCfg = Release|Any CPU
		{F83C1BA1-ABCC-40BE-A01F-B3055CEEC229}.Release|Any CPU.Build.0 = Release|Any CPU
		{8E8A4B99-7396-4CE2-81B1-53B2DA0827FB}.Debug|Any CPU.ActiveCfg = Debug|Any CPU
		{8E8A4B99-7396-4CE2-81B1-53B2DA0827FB}.Debug|Any CPU.Build.0 = Debug|Any CPU
		{8E8A4B99-7396-4CE2-81B1-53B2DA0827FB}.Release|Any CPU.ActiveCfg = Release|Any CPU
		{8E8A4B99-7396-4CE2-81B1-53B2DA0827FB}.Release|Any CPU.Build.0 = Release|Any CPU
		{117F1160-81BF-42CD-B48C-E73BEC059B30}.Debug|Any CPU.ActiveCfg = Debug|Any CPU
		{117F1160-81BF-42CD-B48C-E73BEC059B30}.Debug|Any CPU.Build.0 = Debug|Any CPU
		{117F1160-81BF-42CD-B48C-E73BEC059B30}.Release|Any CPU.ActiveCfg = Release|Any CPU
		{117F1160-81BF-42CD-B48C-E73BEC059B30}.Release|Any CPU.Build.0 = Release|Any CPU
	EndGlobalSection
	GlobalSection(SolutionProperties) = preSolution
		HideSolutionNode = FALSE
	EndGlobalSection
	GlobalSection(NestedProjects) = preSolution
		{C4D43E50-84B0-47FF-888E-7C8351368BD6} = {403BA3EE-EE3A-4E8E-9700-906FB50D5322}
		{E2FCBC58-6CA9-4EA6-852E-EBB43E596F19} = {403BA3EE-EE3A-4E8E-9700-906FB50D5322}
		{968C6AFE-1E13-4F9D-B8FC-28B2A2168C9D} = {403BA3EE-EE3A-4E8E-9700-906FB50D5322}
		{9843B6E4-5B93-46FA-96B8-05E423118E9F} = {403BA3EE-EE3A-4E8E-9700-906FB50D5322}
		{F83C1BA1-ABCC-40BE-A01F-B3055CEEC229} = {403BA3EE-EE3A-4E8E-9700-906FB50D5322}
		{8E8A4B99-7396-4CE2-81B1-53B2DA0827FB} = {403BA3EE-EE3A-4E8E-9700-906FB50D5322}
		{117F1160-81BF-42CD-B48C-E73BEC059B30} = {403BA3EE-EE3A-4E8E-9700-906FB50D5322}
	EndGlobalSection
	GlobalSection(ExtensibilityGlobals) = postSolution
		SolutionGuid = {C198F321-CA12-4CCB-8758-4FCB821C793D}
	EndGlobalSection
EndGlobal
